// !$*UTF8*$!
{
	archiveVersion = 1;
	classes = {
	};
	objectVersion = 46;
	objects = {

/* Begin PBXBuildFile section */
		0548D7ABC1DAFB9F5E8BE972 /* Pods_ODA_NewsUITests.framework in Frameworks */ = {isa = PBXBuildFile; fileRef = D623DF832DA988BEDF478824 /* Pods_ODA_NewsUITests.framework */; };
		294629A21F606337005BB8A9 /* AppDelegate.swift in Sources */ = {isa = PBXBuildFile; fileRef = 294629A11F606337005BB8A9 /* AppDelegate.swift */; };
		294629A71F606337005BB8A9 /* Main.storyboard in Resources */ = {isa = PBXBuildFile; fileRef = 294629A51F606337005BB8A9 /* Main.storyboard */; };
		294629A91F606337005BB8A9 /* Assets.xcassets in Resources */ = {isa = PBXBuildFile; fileRef = 294629A81F606337005BB8A9 /* Assets.xcassets */; };
		294629AC1F606337005BB8A9 /* LaunchScreen.storyboard in Resources */ = {isa = PBXBuildFile; fileRef = 294629AA1F606337005BB8A9 /* LaunchScreen.storyboard */; };
		294629B71F606337005BB8A9 /* ODA_NewsTests.swift in Sources */ = {isa = PBXBuildFile; fileRef = 294629B61F606337005BB8A9 /* ODA_NewsTests.swift */; };
		294629C21F606337005BB8A9 /* ODA_NewsUITests.swift in Sources */ = {isa = PBXBuildFile; fileRef = 294629C11F606337005BB8A9 /* ODA_NewsUITests.swift */; };
		294629D01F6063F2005BB8A9 /* tableVC.swift in Sources */ = {isa = PBXBuildFile; fileRef = 294629CF1F6063F2005BB8A9 /* tableVC.swift */; };
		B664C92FC0382C79B482F482 /* Pods_ODA_News.framework in Frameworks */ = {isa = PBXBuildFile; fileRef = 71B7D49054969A66A2FC01B7 /* Pods_ODA_News.framework */; };
		F1170BA95A05E7D7C870EC55 /* Pods_ODA_NewsTests.framework in Frameworks */ = {isa = PBXBuildFile; fileRef = 11D77C6A8667944E002083B8 /* Pods_ODA_NewsTests.framework */; };
/* End PBXBuildFile section */

/* Begin PBXContainerItemProxy section */
		294629B31F606337005BB8A9 /* PBXContainerItemProxy */ = {
			isa = PBXContainerItemProxy;
			containerPortal = 294629961F606337005BB8A9 /* Project object */;
			proxyType = 1;
			remoteGlobalIDString = 2946299D1F606337005BB8A9;
			remoteInfo = "ODA News";
		};
		294629BE1F606337005BB8A9 /* PBXContainerItemProxy */ = {
			isa = PBXContainerItemProxy;
			containerPortal = 294629961F606337005BB8A9 /* Project object */;
			proxyType = 1;
			remoteGlobalIDString = 2946299D1F606337005BB8A9;
			remoteInfo = "ODA News";
		};
/* End PBXContainerItemProxy section */

/* Begin PBXFileReference section */
		11D77C6A8667944E002083B8 /* Pods_ODA_NewsTests.framework */ = {isa = PBXFileReference; explicitFileType = wrapper.framework; includeInIndex = 0; path = Pods_ODA_NewsTests.framework; sourceTree = BUILT_PRODUCTS_DIR; };
		2946299E1F606337005BB8A9 /* ODA News.app */ = {isa = PBXFileReference; explicitFileType = wrapper.application; includeInIndex = 0; path = "ODA News.app"; sourceTree = BUILT_PRODUCTS_DIR; };
		294629A11F606337005BB8A9 /* AppDelegate.swift */ = {isa = PBXFileReference; lastKnownFileType = sourcecode.swift; path = AppDelegate.swift; sourceTree = "<group>"; };
		294629A61F606337005BB8A9 /* Base */ = {isa = PBXFileReference; lastKnownFileType = file.storyboard; name = Base; path = Base.lproj/Main.storyboard; sourceTree = "<group>"; };
		294629A81F606337005BB8A9 /* Assets.xcassets */ = {isa = PBXFileReference; lastKnownFileType = folder.assetcatalog; path = Assets.xcassets; sourceTree = "<group>"; };
		294629AB1F606337005BB8A9 /* Base */ = {isa = PBXFileReference; lastKnownFileType = file.storyboard; name = Base; path = Base.lproj/LaunchScreen.storyboard; sourceTree = "<group>"; };
		294629AD1F606337005BB8A9 /* Info.plist */ = {isa = PBXFileReference; lastKnownFileType = text.plist.xml; path = Info.plist; sourceTree = "<group>"; };
		294629B21F606337005BB8A9 /* ODA NewsTests.xctest */ = {isa = PBXFileReference; explicitFileType = wrapper.cfbundle; includeInIndex = 0; path = "ODA NewsTests.xctest"; sourceTree = BUILT_PRODUCTS_DIR; };
		294629B61F606337005BB8A9 /* ODA_NewsTests.swift */ = {isa = PBXFileReference; lastKnownFileType = sourcecode.swift; path = ODA_NewsTests.swift; sourceTree = "<group>"; };
		294629B81F606337005BB8A9 /* Info.plist */ = {isa = PBXFileReference; lastKnownFileType = text.plist.xml; path = Info.plist; sourceTree = "<group>"; };
		294629BD1F606337005BB8A9 /* ODA NewsUITests.xctest */ = {isa = PBXFileReference; explicitFileType = wrapper.cfbundle; includeInIndex = 0; path = "ODA NewsUITests.xctest"; sourceTree = BUILT_PRODUCTS_DIR; };
		294629C11F606337005BB8A9 /* ODA_NewsUITests.swift */ = {isa = PBXFileReference; lastKnownFileType = sourcecode.swift; path = ODA_NewsUITests.swift; sourceTree = "<group>"; };
		294629C31F606337005BB8A9 /* Info.plist */ = {isa = PBXFileReference; lastKnownFileType = text.plist.xml; path = Info.plist; sourceTree = "<group>"; };
		294629CF1F6063F2005BB8A9 /* tableVC.swift */ = {isa = PBXFileReference; fileEncoding = 4; lastKnownFileType = sourcecode.swift; path = tableVC.swift; sourceTree = "<group>"; };
		71B7D49054969A66A2FC01B7 /* Pods_ODA_News.framework */ = {isa = PBXFileReference; explicitFileType = wrapper.framework; includeInIndex = 0; path = Pods_ODA_News.framework; sourceTree = BUILT_PRODUCTS_DIR; };
		7760C9698C941347F88F56D1 /* Pods-ODA NewsUITests.release.xcconfig */ = {isa = PBXFileReference; includeInIndex = 1; lastKnownFileType = text.xcconfig; name = "Pods-ODA NewsUITests.release.xcconfig"; path = "Pods/Target Support Files/Pods-ODA NewsUITests/Pods-ODA NewsUITests.release.xcconfig"; sourceTree = "<group>"; };
		7EC6653B017DBDD0E6C1FF3E /* Pods-ODA News.debug.xcconfig */ = {isa = PBXFileReference; includeInIndex = 1; lastKnownFileType = text.xcconfig; name = "Pods-ODA News.debug.xcconfig"; path = "Pods/Target Support Files/Pods-ODA News/Pods-ODA News.debug.xcconfig"; sourceTree = "<group>"; };
		A5D971815853538CEC8B3DF8 /* Pods-ODA NewsTests.release.xcconfig */ = {isa = PBXFileReference; includeInIndex = 1; lastKnownFileType = text.xcconfig; name = "Pods-ODA NewsTests.release.xcconfig"; path = "Pods/Target Support Files/Pods-ODA NewsTests/Pods-ODA NewsTests.release.xcconfig"; sourceTree = "<group>"; };
		C3E0EAC969C7A0E96F29EFB0 /* Pods-ODA News.release.xcconfig */ = {isa = PBXFileReference; includeInIndex = 1; lastKnownFileType = text.xcconfig; name = "Pods-ODA News.release.xcconfig"; path = "Pods/Target Support Files/Pods-ODA News/Pods-ODA News.release.xcconfig"; sourceTree = "<group>"; };
		D623DF832DA988BEDF478824 /* Pods_ODA_NewsUITests.framework */ = {isa = PBXFileReference; explicitFileType = wrapper.framework; includeInIndex = 0; path = Pods_ODA_NewsUITests.framework; sourceTree = BUILT_PRODUCTS_DIR; };
		E50E86CECBFE6E891801F77B /* Pods-ODA NewsUITests.debug.xcconfig */ = {isa = PBXFileReference; includeInIndex = 1; lastKnownFileType = text.xcconfig; name = "Pods-ODA NewsUITests.debug.xcconfig"; path = "Pods/Target Support Files/Pods-ODA NewsUITests/Pods-ODA NewsUITests.debug.xcconfig"; sourceTree = "<group>"; };
		E9D947C1720EB8EF27EF9004 /* Pods-ODA NewsTests.debug.xcconfig */ = {isa = PBXFileReference; includeInIndex = 1; lastKnownFileType = text.xcconfig; name = "Pods-ODA NewsTests.debug.xcconfig"; path = "Pods/Target Support Files/Pods-ODA NewsTests/Pods-ODA NewsTests.debug.xcconfig"; sourceTree = "<group>"; };
/* End PBXFileReference section */

/* Begin PBXFrameworksBuildPhase section */
		2946299B1F606337005BB8A9 /* Frameworks */ = {
			isa = PBXFrameworksBuildPhase;
			buildActionMask = 2147483647;
			files = (
				B664C92FC0382C79B482F482 /* Pods_ODA_News.framework in Frameworks */,
			);
			runOnlyForDeploymentPostprocessing = 0;
		};
		294629AF1F606337005BB8A9 /* Frameworks */ = {
			isa = PBXFrameworksBuildPhase;
			buildActionMask = 2147483647;
			files = (
				F1170BA95A05E7D7C870EC55 /* Pods_ODA_NewsTests.framework in Frameworks */,
			);
			runOnlyForDeploymentPostprocessing = 0;
		};
		294629BA1F606337005BB8A9 /* Frameworks */ = {
			isa = PBXFrameworksBuildPhase;
			buildActionMask = 2147483647;
			files = (
				0548D7ABC1DAFB9F5E8BE972 /* Pods_ODA_NewsUITests.framework in Frameworks */,
			);
			runOnlyForDeploymentPostprocessing = 0;
		};
/* End PBXFrameworksBuildPhase section */

/* Begin PBXGroup section */
		294629951F606337005BB8A9 = {
			isa = PBXGroup;
			children = (
				294629A01F606337005BB8A9 /* ODA News */,
				294629B51F606337005BB8A9 /* ODA NewsTests */,
				294629C01F606337005BB8A9 /* ODA NewsUITests */,
				2946299F1F606337005BB8A9 /* Products */,
				C3B62A25F5CA6C298FF091A7 /* Pods */,
				8CC16344BEBD790DD3E8934E /* Frameworks */,
			);
			sourceTree = "<group>";
		};
		2946299F1F606337005BB8A9 /* Products */ = {
			isa = PBXGroup;
			children = (
				2946299E1F606337005BB8A9 /* ODA News.app */,
				294629B21F606337005BB8A9 /* ODA NewsTests.xctest */,
				294629BD1F606337005BB8A9 /* ODA NewsUITests.xctest */,
			);
			name = Products;
			sourceTree = "<group>";
		};
		294629A01F606337005BB8A9 /* ODA News */ = {
			isa = PBXGroup;
			children = (
				294629CF1F6063F2005BB8A9 /* tableVC.swift */,
				294629A11F606337005BB8A9 /* AppDelegate.swift */,
				294629A51F606337005BB8A9 /* Main.storyboard */,
				294629A81F606337005BB8A9 /* Assets.xcassets */,
				294629AA1F606337005BB8A9 /* LaunchScreen.storyboard */,
				294629AD1F606337005BB8A9 /* Info.plist */,
			);
			path = "ODA News";
			sourceTree = "<group>";
		};
		294629B51F606337005BB8A9 /* ODA NewsTests */ = {
			isa = PBXGroup;
			children = (
				294629B61F606337005BB8A9 /* ODA_NewsTests.swift */,
				294629B81F606337005BB8A9 /* Info.plist */,
			);
			path = "ODA NewsTests";
			sourceTree = "<group>";
		};
		294629C01F606337005BB8A9 /* ODA NewsUITests */ = {
			isa = PBXGroup;
			children = (
				294629C11F606337005BB8A9 /* ODA_NewsUITests.swift */,
				294629C31F606337005BB8A9 /* Info.plist */,
			);
			path = "ODA NewsUITests";
			sourceTree = "<group>";
		};
		8CC16344BEBD790DD3E8934E /* Frameworks */ = {
			isa = PBXGroup;
			children = (
				71B7D49054969A66A2FC01B7 /* Pods_ODA_News.framework */,
				11D77C6A8667944E002083B8 /* Pods_ODA_NewsTests.framework */,
				D623DF832DA988BEDF478824 /* Pods_ODA_NewsUITests.framework */,
			);
			name = Frameworks;
			sourceTree = "<group>";
		};
		C3B62A25F5CA6C298FF091A7 /* Pods */ = {
			isa = PBXGroup;
			children = (
				7EC6653B017DBDD0E6C1FF3E /* Pods-ODA News.debug.xcconfig */,
				C3E0EAC969C7A0E96F29EFB0 /* Pods-ODA News.release.xcconfig */,
				E9D947C1720EB8EF27EF9004 /* Pods-ODA NewsTests.debug.xcconfig */,
				A5D971815853538CEC8B3DF8 /* Pods-ODA NewsTests.release.xcconfig */,
				E50E86CECBFE6E891801F77B /* Pods-ODA NewsUITests.debug.xcconfig */,
				7760C9698C941347F88F56D1 /* Pods-ODA NewsUITests.release.xcconfig */,
			);
			name = Pods;
			sourceTree = "<group>";
		};
/* End PBXGroup section */

/* Begin PBXNativeTarget section */
		2946299D1F606337005BB8A9 /* ODA News */ = {
			isa = PBXNativeTarget;
			buildConfigurationList = 294629C61F606337005BB8A9 /* Build configuration list for PBXNativeTarget "ODA News" */;
			buildPhases = (
				E1FE7344A8ABFB6E2AF49A3C /* [CP] Check Pods Manifest.lock */,
				2946299A1F606337005BB8A9 /* Sources */,
				2946299B1F606337005BB8A9 /* Frameworks */,
				2946299C1F606337005BB8A9 /* Resources */,
				71469F881CE4F536B31BB0D7 /* [CP] Embed Pods Frameworks */,
				F03FEA775C266410E0C67CAA /* [CP] Copy Pods Resources */,
			);
			buildRules = (
			);
			dependencies = (
			);
			name = "ODA News";
			productName = "ODA News";
			productReference = 2946299E1F606337005BB8A9 /* ODA News.app */;
			productType = "com.apple.product-type.application";
		};
		294629B11F606337005BB8A9 /* ODA NewsTests */ = {
			isa = PBXNativeTarget;
			buildConfigurationList = 294629C91F606337005BB8A9 /* Build configuration list for PBXNativeTarget "ODA NewsTests" */;
			buildPhases = (
				E26BCCB9EADE535C4E279288 /* [CP] Check Pods Manifest.lock */,
				294629AE1F606337005BB8A9 /* Sources */,
				294629AF1F606337005BB8A9 /* Frameworks */,
				294629B01F606337005BB8A9 /* Resources */,
				D3E4A436123A649E98623DE5 /* [CP] Embed Pods Frameworks */,
				9A6CFFDB28CA5F5C734EE980 /* [CP] Copy Pods Resources */,
			);
			buildRules = (
			);
			dependencies = (
				294629B41F606337005BB8A9 /* PBXTargetDependency */,
			);
			name = "ODA NewsTests";
			productName = "ODA NewsTests";
			productReference = 294629B21F606337005BB8A9 /* ODA NewsTests.xctest */;
			productType = "com.apple.product-type.bundle.unit-test";
		};
		294629BC1F606337005BB8A9 /* ODA NewsUITests */ = {
			isa = PBXNativeTarget;
			buildConfigurationList = 294629CC1F606337005BB8A9 /* Build configuration list for PBXNativeTarget "ODA NewsUITests" */;
			buildPhases = (
				DE9FEDF77F3E7E7F5EC6BAC3 /* [CP] Check Pods Manifest.lock */,
				294629B91F606337005BB8A9 /* Sources */,
				294629BA1F606337005BB8A9 /* Frameworks */,
				294629BB1F606337005BB8A9 /* Resources */,
				3417813B3CC1FECB46A2797F /* [CP] Embed Pods Frameworks */,
				738D0A7A1FCDBA3106D1A2F1 /* [CP] Copy Pods Resources */,
			);
			buildRules = (
			);
			dependencies = (
				294629BF1F606337005BB8A9 /* PBXTargetDependency */,
			);
			name = "ODA NewsUITests";
			productName = "ODA NewsUITests";
			productReference = 294629BD1F606337005BB8A9 /* ODA NewsUITests.xctest */;
			productType = "com.apple.product-type.bundle.ui-testing";
		};
/* End PBXNativeTarget section */

/* Begin PBXProject section */
		294629961F606337005BB8A9 /* Project object */ = {
			isa = PBXProject;
			attributes = {
				LastSwiftUpdateCheck = 0830;
				LastUpgradeCheck = 0830;
				ORGANIZATIONNAME = ODA;
				TargetAttributes = {
					2946299D1F606337005BB8A9 = {
						CreatedOnToolsVersion = 8.3.3;
						DevelopmentTeam = 84X3AUB69L;
						ProvisioningStyle = Automatic;
					};
					294629B11F606337005BB8A9 = {
						CreatedOnToolsVersion = 8.3.3;
						ProvisioningStyle = Automatic;
						TestTargetID = 2946299D1F606337005BB8A9;
					};
					294629BC1F606337005BB8A9 = {
						CreatedOnToolsVersion = 8.3.3;
						ProvisioningStyle = Automatic;
						TestTargetID = 2946299D1F606337005BB8A9;
					};
				};
			};
			buildConfigurationList = 294629991F606337005BB8A9 /* Build configuration list for PBXProject "ODA News" */;
			compatibilityVersion = "Xcode 3.2";
			developmentRegion = English;
			hasScannedForEncodings = 0;
			knownRegions = (
				en,
				Base,
			);
			mainGroup = 294629951F606337005BB8A9;
			productRefGroup = 2946299F1F606337005BB8A9 /* Products */;
			projectDirPath = "";
			projectRoot = "";
			targets = (
				2946299D1F606337005BB8A9 /* ODA News */,
				294629B11F606337005BB8A9 /* ODA NewsTests */,
				294629BC1F606337005BB8A9 /* ODA NewsUITests */,
			);
		};
/* End PBXProject section */

/* Begin PBXResourcesBuildPhase section */
		2946299C1F606337005BB8A9 /* Resources */ = {
			isa = PBXResourcesBuildPhase;
			buildActionMask = 2147483647;
			files = (
				294629AC1F606337005BB8A9 /* LaunchScreen.storyboard in Resources */,
				294629A91F606337005BB8A9 /* Assets.xcassets in Resources */,
				294629A71F606337005BB8A9 /* Main.storyboard in Resources */,
			);
			runOnlyForDeploymentPostprocessing = 0;
		};
		294629B01F606337005BB8A9 /* Resources */ = {
			isa = PBXResourcesBuildPhase;
			buildActionMask = 2147483647;
			files = (
			);
			runOnlyForDeploymentPostprocessing = 0;
		};
		294629BB1F606337005BB8A9 /* Resources */ = {
			isa = PBXResourcesBuildPhase;
			buildActionMask = 2147483647;
			files = (
			);
			runOnlyForDeploymentPostprocessing = 0;
		};
/* End PBXResourcesBuildPhase section */

/* Begin PBXShellScriptBuildPhase section */
		3417813B3CC1FECB46A2797F /* [CP] Embed Pods Frameworks */ = {
			isa = PBXShellScriptBuildPhase;
			buildActionMask = 2147483647;
			files = (
			);
			inputPaths = (
			);
			name = "[CP] Embed Pods Frameworks";
			outputPaths = (
			);
			runOnlyForDeploymentPostprocessing = 0;
			shellPath = /bin/sh;
			shellScript = "\"${SRCROOT}/Pods/Target Support Files/Pods-ODA NewsUITests/Pods-ODA NewsUITests-frameworks.sh\"\n";
			showEnvVarsInLog = 0;
		};
		71469F881CE4F536B31BB0D7 /* [CP] Embed Pods Frameworks */ = {
			isa = PBXShellScriptBuildPhase;
			buildActionMask = 2147483647;
			files = (
			);
			inputPaths = (
			);
			name = "[CP] Embed Pods Frameworks";
			outputPaths = (
			);
			runOnlyForDeploymentPostprocessing = 0;
			shellPath = /bin/sh;
			shellScript = "\"${SRCROOT}/Pods/Target Support Files/Pods-ODA News/Pods-ODA News-frameworks.sh\"\n";
			showEnvVarsInLog = 0;
		};
		738D0A7A1FCDBA3106D1A2F1 /* [CP] Copy Pods Resources */ = {
			isa = PBXShellScriptBuildPhase;
			buildActionMask = 2147483647;
			files = (
			);
			inputPaths = (
			);
			name = "[CP] Copy Pods Resources";
			outputPaths = (
			);
			runOnlyForDeploymentPostprocessing = 0;
			shellPath = /bin/sh;
			shellScript = "\"${SRCROOT}/Pods/Target Support Files/Pods-ODA NewsUITests/Pods-ODA NewsUITests-resources.sh\"\n";
			showEnvVarsInLog = 0;
		};
		9A6CFFDB28CA5F5C734EE980 /* [CP] Copy Pods Resources */ = {
			isa = PBXShellScriptBuildPhase;
			buildActionMask = 2147483647;
			files = (
			);
			inputPaths = (
			);
			name = "[CP] Copy Pods Resources";
			outputPaths = (
			);
			runOnlyForDeploymentPostprocessing = 0;
			shellPath = /bin/sh;
			shellScript = "\"${SRCROOT}/Pods/Target Support Files/Pods-ODA NewsTests/Pods-ODA NewsTests-resources.sh\"\n";
			showEnvVarsInLog = 0;
		};
		D3E4A436123A649E98623DE5 /* [CP] Embed Pods Frameworks */ = {
			isa = PBXShellScriptBuildPhase;
			buildActionMask = 2147483647;
			files = (
			);
			inputPaths = (
			);
			name = "[CP] Embed Pods Frameworks";
			outputPaths = (
			);
			runOnlyForDeploymentPostprocessing = 0;
			shellPath = /bin/sh;
			shellScript = "\"${SRCROOT}/Pods/Target Support Files/Pods-ODA NewsTests/Pods-ODA NewsTests-frameworks.sh\"\n";
			showEnvVarsInLog = 0;
		};
		DE9FEDF77F3E7E7F5EC6BAC3 /* [CP] Check Pods Manifest.lock */ = {
			isa = PBXShellScriptBuildPhase;
			buildActionMask = 2147483647;
			files = (
			);
			inputPaths = (
			);
			name = "[CP] Check Pods Manifest.lock";
			outputPaths = (
			);
			runOnlyForDeploymentPostprocessing = 0;
			shellPath = /bin/sh;
			shellScript = "diff \"${PODS_ROOT}/../Podfile.lock\" \"${PODS_ROOT}/Manifest.lock\" > /dev/null\nif [ $? != 0 ] ; then\n    # print error to STDERR\n    echo \"error: The sandbox is not in sync with the Podfile.lock. Run 'pod install' or update your CocoaPods installation.\" >&2\n    exit 1\nfi\n";
			showEnvVarsInLog = 0;
		};
		E1FE7344A8ABFB6E2AF49A3C /* [CP] Check Pods Manifest.lock */ = {
			isa = PBXShellScriptBuildPhase;
			buildActionMask = 2147483647;
			files = (
			);
			inputPaths = (
			);
			name = "[CP] Check Pods Manifest.lock";
			outputPaths = (
			);
			runOnlyForDeploymentPostprocessing = 0;
			shellPath = /bin/sh;
			shellScript = "diff \"${PODS_ROOT}/../Podfile.lock\" \"${PODS_ROOT}/Manifest.lock\" > /dev/null\nif [ $? != 0 ] ; then\n    # print error to STDERR\n    echo \"error: The sandbox is not in sync with the Podfile.lock. Run 'pod install' or update your CocoaPods installation.\" >&2\n    exit 1\nfi\n";
			showEnvVarsInLog = 0;
		};
		E26BCCB9EADE535C4E279288 /* [CP] Check Pods Manifest.lock */ = {
			isa = PBXShellScriptBuildPhase;
			buildActionMask = 2147483647;
			files = (
			);
			inputPaths = (
			);
			name = "[CP] Check Pods Manifest.lock";
			outputPaths = (
			);
			runOnlyForDeploymentPostprocessing = 0;
			shellPath = /bin/sh;
			shellScript = "diff \"${PODS_ROOT}/../Podfile.lock\" \"${PODS_ROOT}/Manifest.lock\" > /dev/null\nif [ $? != 0 ] ; then\n    # print error to STDERR\n    echo \"error: The sandbox is not in sync with the Podfile.lock. Run 'pod install' or update your CocoaPods installation.\" >&2\n    exit 1\nfi\n";
			showEnvVarsInLog = 0;
		};
		F03FEA775C266410E0C67CAA /* [CP] Copy Pods Resources */ = {
			isa = PBXShellScriptBuildPhase;
			buildActionMask = 2147483647;
			files = (
			);
			inputPaths = (
			);
			name = "[CP] Copy Pods Resources";
			outputPaths = (
			);
			runOnlyForDeploymentPostprocessing = 0;
			shellPath = /bin/sh;
			shellScript = "\"${SRCROOT}/Pods/Target Support Files/Pods-ODA News/Pods-ODA News-resources.sh\"\n";
			showEnvVarsInLog = 0;
		};
/* End PBXShellScriptBuildPhase section */

/* Begin PBXSourcesBuildPhase section */
		2946299A1F606337005BB8A9 /* Sources */ = {
			isa = PBXSourcesBuildPhase;
			buildActionMask = 2147483647;
			files = (
				294629A21F606337005BB8A9 /* AppDelegate.swift in Sources */,
				294629D01F6063F2005BB8A9 /* tableVC.swift in Sources */,
			);
			runOnlyForDeploymentPostprocessing = 0;
		};
		294629AE1F606337005BB8A9 /* Sources */ = {
			isa = PBXSourcesBuildPhase;
			buildActionMask = 2147483647;
			files = (
				294629B71F606337005BB8A9 /* ODA_NewsTests.swift in Sources */,
			);
			runOnlyForDeploymentPostprocessing = 0;
		};
		294629B91F606337005BB8A9 /* Sources */ = {
			isa = PBXSourcesBuildPhase;
			buildActionMask = 2147483647;
			files = (
				294629C21F606337005BB8A9 /* ODA_NewsUITests.swift in Sources */,
			);
			runOnlyForDeploymentPostprocessing = 0;
		};
/* End PBXSourcesBuildPhase section */

/* Begin PBXTargetDependency section */
		294629B41F606337005BB8A9 /* PBXTargetDependency */ = {
			isa = PBXTargetDependency;
			target = 2946299D1F606337005BB8A9 /* ODA News */;
			targetProxy = 294629B31F606337005BB8A9 /* PBXContainerItemProxy */;
		};
		294629BF1F606337005BB8A9 /* PBXTargetDependency */ = {
			isa = PBXTargetDependency;
			target = 2946299D1F606337005BB8A9 /* ODA News */;
			targetProxy = 294629BE1F606337005BB8A9 /* PBXContainerItemProxy */;
		};
/* End PBXTargetDependency section */

/* Begin PBXVariantGroup section */
		294629A51F606337005BB8A9 /* Main.storyboard */ = {
			isa = PBXVariantGroup;
			children = (
				294629A61F606337005BB8A9 /* Base */,
			);
			name = Main.storyboard;
			sourceTree = "<group>";
		};
		294629AA1F606337005BB8A9 /* LaunchScreen.storyboard */ = {
			isa = PBXVariantGroup;
			children = (
				294629AB1F606337005BB8A9 /* Base */,
			);
			name = LaunchScreen.storyboard;
			sourceTree = "<group>";
		};
/* End PBXVariantGroup section */

/* Begin XCBuildConfiguration section */
		294629C41F606337005BB8A9 /* Debug */ = {
			isa = XCBuildConfiguration;
			buildSettings = {
				ALWAYS_SEARCH_USER_PATHS = NO;
				CLANG_ANALYZER_NONNULL = YES;
				CLANG_ANALYZER_NUMBER_OBJECT_CONVERSION = YES_AGGRESSIVE;
				CLANG_CXX_LANGUAGE_STANDARD = "gnu++0x";
				CLANG_CXX_LIBRARY = "libc++";
				CLANG_ENABLE_MODULES = YES;
				CLANG_ENABLE_OBJC_ARC = YES;
				CLANG_WARN_BOOL_CONVERSION = YES;
				CLANG_WARN_CONSTANT_CONVERSION = YES;
				CLANG_WARN_DIRECT_OBJC_ISA_USAGE = YES_ERROR;
				CLANG_WARN_DOCUMENTATION_COMMENTS = YES;
				CLANG_WARN_EMPTY_BODY = YES;
				CLANG_WARN_ENUM_CONVERSION = YES;
				CLANG_WARN_INFINITE_RECURSION = YES;
				CLANG_WARN_INT_CONVERSION = YES;
				CLANG_WARN_OBJC_ROOT_CLASS = YES_ERROR;
				CLANG_WARN_SUSPICIOUS_MOVE = YES;
				CLANG_WARN_UNREACHABLE_CODE = YES;
				CLANG_WARN__DUPLICATE_METHOD_MATCH = YES;
				"CODE_SIGN_IDENTITY[sdk=iphoneos*]" = "iPhone Developer";
				COPY_PHASE_STRIP = NO;
				DEBUG_INFORMATION_FORMAT = dwarf;
				ENABLE_STRICT_OBJC_MSGSEND = YES;
				ENABLE_TESTABILITY = YES;
				GCC_C_LANGUAGE_STANDARD = gnu99;
				GCC_DYNAMIC_NO_PIC = NO;
				GCC_NO_COMMON_BLOCKS = YES;
				GCC_OPTIMIZATION_LEVEL = 0;
				GCC_PREPROCESSOR_DEFINITIONS = (
					"DEBUG=1",
					"$(inherited)",
				);
				GCC_WARN_64_TO_32_BIT_CONVERSION = YES;
				GCC_WARN_ABOUT_RETURN_TYPE = YES_ERROR;
				GCC_WARN_UNDECLARED_SELECTOR = YES;
				GCC_WARN_UNINITIALIZED_AUTOS = YES_AGGRESSIVE;
				GCC_WARN_UNUSED_FUNCTION = YES;
				GCC_WARN_UNUSED_VARIABLE = YES;
				IPHONEOS_DEPLOYMENT_TARGET = 10.3;
				MTL_ENABLE_DEBUG_INFO = YES;
				ONLY_ACTIVE_ARCH = YES;
				SDKROOT = iphoneos;
				SWIFT_ACTIVE_COMPILATION_CONDITIONS = DEBUG;
				SWIFT_OPTIMIZATION_LEVEL = "-Onone";
				TARGETED_DEVICE_FAMILY = "1,2";
			};
			name = Debug;
		};
		294629C51F606337005BB8A9 /* Release */ = {
			isa = XCBuildConfiguration;
			buildSettings = {
				ALWAYS_SEARCH_USER_PATHS = NO;
				CLANG_ANALYZER_NONNULL = YES;
				CLANG_ANALYZER_NUMBER_OBJECT_CONVERSION = YES_AGGRESSIVE;
				CLANG_CXX_LANGUAGE_STANDARD = "gnu++0x";
				CLANG_CXX_LIBRARY = "libc++";
				CLANG_ENABLE_MODULES = YES;
				CLANG_ENABLE_OBJC_ARC = YES;
				CLANG_WARN_BOOL_CONVERSION = YES;
				CLANG_WARN_CONSTANT_CONVERSION = YES;
				CLANG_WARN_DIRECT_OBJC_ISA_USAGE = YES_ERROR;
				CLANG_WARN_DOCUMENTATION_COMMENTS = YES;
				CLANG_WARN_EMPTY_BODY = YES;
				CLANG_WARN_ENUM_CONVERSION = YES;
				CLANG_WARN_INFINITE_RECURSION = YES;
				CLANG_WARN_INT_CONVERSION = YES;
				CLANG_WARN_OBJC_ROOT_CLASS = YES_ERROR;
				CLANG_WARN_SUSPICIOUS_MOVE = YES;
				CLANG_WARN_UNREACHABLE_CODE = YES;
				CLANG_WARN__DUPLICATE_METHOD_MATCH = YES;
				"CODE_SIGN_IDENTITY[sdk=iphoneos*]" = "iPhone Developer";
				COPY_PHASE_STRIP = NO;
				DEBUG_INFORMATION_FORMAT = "dwarf-with-dsym";
				ENABLE_NS_ASSERTIONS = NO;
				ENABLE_STRICT_OBJC_MSGSEND = YES;
				GCC_C_LANGUAGE_STANDARD = gnu99;
				GCC_NO_COMMON_BLOCKS = YES;
				GCC_WARN_64_TO_32_BIT_CONVERSION = YES;
				GCC_WARN_ABOUT_RETURN_TYPE = YES_ERROR;
				GCC_WARN_UNDECLARED_SELECTOR = YES;
				GCC_WARN_UNINITIALIZED_AUTOS = YES_AGGRESSIVE;
				GCC_WARN_UNUSED_FUNCTION = YES;
				GCC_WARN_UNUSED_VARIABLE = YES;
				IPHONEOS_DEPLOYMENT_TARGET = 10.3;
				MTL_ENABLE_DEBUG_INFO = NO;
				SDKROOT = iphoneos;
				SWIFT_OPTIMIZATION_LEVEL = "-Owholemodule";
				TARGETED_DEVICE_FAMILY = "1,2";
				VALIDATE_PRODUCT = YES;
			};
			name = Release;
		};
		294629C71F606337005BB8A9 /* Debug */ = {
			isa = XCBuildConfiguration;
			baseConfigurationReference = 7EC6653B017DBDD0E6C1FF3E /* Pods-ODA News.debug.xcconfig */;
			buildSettings = {
				ASSETCATALOG_COMPILER_APPICON_NAME = AppIcon;
				DEVELOPMENT_TEAM = 84X3AUB69L;
				INFOPLIST_FILE = "ODA News/Info.plist";
				IPHONEOS_DEPLOYMENT_TARGET = 10.3;
				LD_RUNPATH_SEARCH_PATHS = "$(inherited) @executable_path/Frameworks";
				PRODUCT_BUNDLE_IDENTIFIER = "ODA.ODA-News";
				PRODUCT_NAME = "$(TARGET_NAME)";
				SWIFT_VERSION = 3.0;
			};
			name = Debug;
		};
		294629C81F606337005BB8A9 /* Release */ = {
			isa = XCBuildConfiguration;
			baseConfigurationReference = C3E0EAC969C7A0E96F29EFB0 /* Pods-ODA News.release.xcconfig */;
			buildSettings = {
				ASSETCATALOG_COMPILER_APPICON_NAME = AppIcon;
				DEVELOPMENT_TEAM = 84X3AUB69L;
				INFOPLIST_FILE = "ODA News/Info.plist";
				IPHONEOS_DEPLOYMENT_TARGET = 10.3;
				LD_RUNPATH_SEARCH_PATHS = "$(inherited) @executable_path/Frameworks";
				PRODUCT_BUNDLE_IDENTIFIER = "ODA.ODA-News";
				PRODUCT_NAME = "$(TARGET_NAME)";
				SWIFT_VERSION = 3.0;
			};
			name = Release;
		};
		294629CA1F606337005BB8A9 /* Debug */ = {
			isa = XCBuildConfiguration;
			baseConfigurationReference = E9D947C1720EB8EF27EF9004 /* Pods-ODA NewsTests.debug.xcconfig */;
			buildSettings = {
				ALWAYS_EMBED_SWIFT_STANDARD_LIBRARIES = YES;
				BUNDLE_LOADER = "$(TEST_HOST)";
				INFOPLIST_FILE = "ODA NewsTests/Info.plist";
				LD_RUNPATH_SEARCH_PATHS = "$(inherited) @executable_path/Frameworks @loader_path/Frameworks";
				PRODUCT_BUNDLE_IDENTIFIER = "ODA.ODA-NewsTests";
				PRODUCT_NAME = "$(TARGET_NAME)";
				SWIFT_VERSION = 3.0;
				TEST_HOST = "$(BUILT_PRODUCTS_DIR)/ODA News.app/ODA News";
			};
			name = Debug;
		};
		294629CB1F606337005BB8A9 /* Release */ = {
			isa = XCBuildConfiguration;
			baseConfigurationReference = A5D971815853538CEC8B3DF8 /* Pods-ODA NewsTests.release.xcconfig */;
			buildSettings = {
				ALWAYS_EMBED_SWIFT_STANDARD_LIBRARIES = YES;
				BUNDLE_LOADER = "$(TEST_HOST)";
				INFOPLIST_FILE = "ODA NewsTests/Info.plist";
				LD_RUNPATH_SEARCH_PATHS = "$(inherited) @executable_path/Frameworks @loader_path/Frameworks";
				PRODUCT_BUNDLE_IDENTIFIER = "ODA.ODA-NewsTests";
				PRODUCT_NAME = "$(TARGET_NAME)";
				SWIFT_VERSION = 3.0;
				TEST_HOST = "$(BUILT_PRODUCTS_DIR)/ODA News.app/ODA News";
			};
			name = Release;
		};
		294629CD1F606337005BB8A9 /* Debug */ = {
			isa = XCBuildConfiguration;
			baseConfigurationReference = E50E86CECBFE6E891801F77B /* Pods-ODA NewsUITests.debug.xcconfig */;
			buildSettings = {
				ALWAYS_EMBED_SWIFT_STANDARD_LIBRARIES = YES;
				INFOPLIST_FILE = "ODA NewsUITests/Info.plist";
				LD_RUNPATH_SEARCH_PATHS = "$(inherited) @executable_path/Frameworks @loader_path/Frameworks";
				PRODUCT_BUNDLE_IDENTIFIER = "ODA.ODA-NewsUITests";
				PRODUCT_NAME = "$(TARGET_NAME)";
				SWIFT_VERSION = 3.0;
				TEST_TARGET_NAME = "ODA News";
			};
			name = Debug;
		};
		294629CE1F606337005BB8A9 /* Release */ = {
			isa = XCBuildConfiguration;
			baseConfigurationReference = 7760C9698C941347F88F56D1 /* Pods-ODA NewsUITests.release.xcconfig */;
			buildSettings = {
				ALWAYS_EMBED_SWIFT_STANDARD_LIBRARIES = YES;
				INFOPLIST_FILE = "ODA NewsUITests/Info.plist";
				LD_RUNPATH_SEARCH_PATHS = "$(inherited) @executable_path/Frameworks @loader_path/Frameworks";
				PRODUCT_BUNDLE_IDENTIFIER = "ODA.ODA-NewsUITests";
				PRODUCT_NAME = "$(TARGET_NAME)";
				SWIFT_VERSION = 3.0;
				TEST_TARGET_NAME = "ODA News";
			};
			name = Release;
		};
/* End XCBuildConfiguration section */

/* Begin XCConfigurationList section */
		294629991F606337005BB8A9 /* Build configuration list for PBXProject "ODA News" */ = {
			isa = XCConfigurationList;
			buildConfigurations = (
				294629C41F606337005BB8A9 /* Debug */,
				294629C51F606337005BB8A9 /* Release */,
			);
			defaultConfigurationIsVisible = 0;
			defaultConfigurationName = Release;
		};
		294629C61F606337005BB8A9 /* Build configuration list for PBXNativeTarget "ODA News" */ = {
			isa = XCConfigurationList;
			buildConfigurations = (
				294629C71F606337005BB8A9 /* Debug */,
				294629C81F606337005BB8A9 /* Release */,
			);
			defaultConfigurationIsVisible = 0;
		};
		294629C91F606337005BB8A9 /* Build configuration list for PBXNativeTarget "ODA NewsTests" */ = {
			isa = XCConfigurationList;
			buildConfigurations = (
				294629CA1F606337005BB8A9 /* Debug */,
				294629CB1F606337005BB8A9 /* Release */,
			);
			defaultConfigurationIsVisible = 0;
		};
		294629CC1F606337005BB8A9 /* Build configuration list for PBXNativeTarget "ODA NewsUITests" */ = {
			isa = XCConfigurationList;
			buildConfigurations = (
				294629CD1F606337005BB8A9 /* Debug */,
				294629CE1F606337005BB8A9 /* Release */,
			);
			defaultConfigurationIsVisible = 0;
		};
/* End XCConfigurationList section */
	};
	rootObject = 294629961F606337005BB8A9 /* Project object */;
}
